// !$*UTF8*$!
{
	archiveVersion = 1;
	classes = {
	};
	objectVersion = 46;
	objects = {

/* Begin PBXBuildFile section */
		900266651DAD6BBF009C32C9 /* NoResultBox.xib in Resources */ = {isa = PBXBuildFile; fileRef = 900266641DAD6BBF009C32C9 /* NoResultBox.xib */; };
		9004D4C31D8F2B5100B3BF25 /* Food.m in Sources */ = {isa = PBXBuildFile; fileRef = 9004D4C21D8F2B5100B3BF25 /* Food.m */; };
		9027C33F1DADC40F001B8D57 /* LoadingBox.xib in Resources */ = {isa = PBXBuildFile; fileRef = 9027C33E1DADC40F001B8D57 /* LoadingBox.xib */; };
		9027C3411DADF167001B8D57 /* InitialBox.xib in Resources */ = {isa = PBXBuildFile; fileRef = 9027C3401DADF167001B8D57 /* InitialBox.xib */; };
		9027C3431DADF19C001B8D57 /* FailBox.xib in Resources */ = {isa = PBXBuildFile; fileRef = 9027C3421DADF19C001B8D57 /* FailBox.xib */; };
		903F7CB21D8195FE005A077C /* main.m in Sources */ = {isa = PBXBuildFile; fileRef = 903F7CB11D8195FE005A077C /* main.m */; };
		903F7CB51D8195FE005A077C /* AppDelegate.m in Sources */ = {isa = PBXBuildFile; fileRef = 903F7CB41D8195FE005A077C /* AppDelegate.m */; };
		903F7CB81D8195FE005A077C /* SearchResultViewController.m in Sources */ = {isa = PBXBuildFile; fileRef = 903F7CB71D8195FE005A077C /* SearchResultViewController.m */; };
		903F7CBB1D8195FE005A077C /* Main.storyboard in Resources */ = {isa = PBXBuildFile; fileRef = 903F7CB91D8195FE005A077C /* Main.storyboard */; };
		903F7CBD1D8195FE005A077C /* Assets.xcassets in Resources */ = {isa = PBXBuildFile; fileRef = 903F7CBC1D8195FE005A077C /* Assets.xcassets */; };
		903F7CC01D8195FE005A077C /* LaunchScreen.storyboard in Resources */ = {isa = PBXBuildFile; fileRef = 903F7CBE1D8195FE005A077C /* LaunchScreen.storyboard */; };
		903F7CCC1D85E294005A077C /* Network.m in Sources */ = {isa = PBXBuildFile; fileRef = 903F7CCB1D85E294005A077C /* Network.m */; };
		90BC47361DA75F1E005C6365 /* FoodBox.xib in Resources */ = {isa = PBXBuildFile; fileRef = 90BC47351DA75F1E005C6365 /* FoodBox.xib */; };
		EBD9DEA4F5BA5FE78C3E1330 /* libPods-Simple Calorie For iPad.a in Frameworks */ = {isa = PBXBuildFile; fileRef = 8B33FF9E0F30D522D5C2731C /* libPods-Simple Calorie For iPad.a */; };
/* End PBXBuildFile section */

/* Begin PBXFileReference section */
		6BB656D4019D5C91AA723F07 /* Pods-Simple Calorie For iPad.release.xcconfig */ = {isa = PBXFileReference; includeInIndex = 1; lastKnownFileType = text.xcconfig; name = "Pods-Simple Calorie For iPad.release.xcconfig"; path = "Pods/Target Support Files/Pods-Simple Calorie For iPad/Pods-Simple Calorie For iPad.release.xcconfig"; sourceTree = "<group>"; };
		8B33FF9E0F30D522D5C2731C /* libPods-Simple Calorie For iPad.a */ = {isa = PBXFileReference; explicitFileType = archive.ar; includeInIndex = 0; path = "libPods-Simple Calorie For iPad.a"; sourceTree = BUILT_PRODUCTS_DIR; };
		900266641DAD6BBF009C32C9 /* NoResultBox.xib */ = {isa = PBXFileReference; fileEncoding = 4; lastKnownFileType = file.xib; path = NoResultBox.xib; sourceTree = "<group>"; };
		9004D4C11D8F2B5100B3BF25 /* Food.h */ = {isa = PBXFileReference; fileEncoding = 4; lastKnownFileType = sourcecode.c.h; path = Food.h; sourceTree = "<group>"; };
		9004D4C21D8F2B5100B3BF25 /* Food.m */ = {isa = PBXFileReference; fileEncoding = 4; lastKnownFileType = sourcecode.c.objc; path = Food.m; sourceTree = "<group>"; };
		9027C33E1DADC40F001B8D57 /* LoadingBox.xib */ = {isa = PBXFileReference; fileEncoding = 4; lastKnownFileType = file.xib; path = LoadingBox.xib; sourceTree = "<group>"; };
		9027C3401DADF167001B8D57 /* InitialBox.xib */ = {isa = PBXFileReference; fileEncoding = 4; lastKnownFileType = file.xib; path = InitialBox.xib; sourceTree = "<group>"; };
		9027C3421DADF19C001B8D57 /* FailBox.xib */ = {isa = PBXFileReference; fileEncoding = 4; lastKnownFileType = file.xib; path = FailBox.xib; sourceTree = "<group>"; };
		903F7CAD1D8195FE005A077C /* Simple Calorie For iPad.app */ = {isa = PBXFileReference; explicitFileType = wrapper.application; includeInIndex = 0; path = "Simple Calorie For iPad.app"; sourceTree = BUILT_PRODUCTS_DIR; };
		903F7CB11D8195FE005A077C /* main.m */ = {isa = PBXFileReference; lastKnownFileType = sourcecode.c.objc; path = main.m; sourceTree = "<group>"; };
		903F7CB31D8195FE005A077C /* AppDelegate.h */ = {isa = PBXFileReference; lastKnownFileType = sourcecode.c.h; path = AppDelegate.h; sourceTree = "<group>"; };
		903F7CB41D8195FE005A077C /* AppDelegate.m */ = {isa = PBXFileReference; lastKnownFileType = sourcecode.c.objc; path = AppDelegate.m; sourceTree = "<group>"; };
		903F7CB61D8195FE005A077C /* SearchResultViewController.h */ = {isa = PBXFileReference; lastKnownFileType = sourcecode.c.h; path = SearchResultViewController.h; sourceTree = "<group>"; };
		903F7CB71D8195FE005A077C /* SearchResultViewController.m */ = {isa = PBXFileReference; lastKnownFileType = sourcecode.c.objc; path = SearchResultViewController.m; sourceTree = "<group>"; };
		903F7CBA1D8195FE005A077C /* Base */ = {isa = PBXFileReference; lastKnownFileType = file.storyboard; name = Base; path = Base.lproj/Main.storyboard; sourceTree = "<group>"; };
		903F7CBC1D8195FE005A077C /* Assets.xcassets */ = {isa = PBXFileReference; lastKnownFileType = folder.assetcatalog; path = Assets.xcassets; sourceTree = "<group>"; };
		903F7CBF1D8195FE005A077C /* Base */ = {isa = PBXFileReference; lastKnownFileType = file.storyboard; name = Base; path = Base.lproj/LaunchScreen.storyboard; sourceTree = "<group>"; };
		903F7CC11D8195FE005A077C /* Info.plist */ = {isa = PBXFileReference; lastKnownFileType = text.plist.xml; path = Info.plist; sourceTree = "<group>"; };
		903F7CCA1D85E294005A077C /* Network.h */ = {isa = PBXFileReference; fileEncoding = 4; lastKnownFileType = sourcecode.c.h; path = Network.h; sourceTree = "<group>"; };
		903F7CCB1D85E294005A077C /* Network.m */ = {isa = PBXFileReference; fileEncoding = 4; lastKnownFileType = sourcecode.c.objc; path = Network.m; sourceTree = "<group>"; };
		90BC47351DA75F1E005C6365 /* FoodBox.xib */ = {isa = PBXFileReference; fileEncoding = 4; lastKnownFileType = file.xib; path = FoodBox.xib; sourceTree = "<group>"; };
		C1B6C24BBDECD0007CF2C35A /* Pods-Simple Calorie For iPad.debug.xcconfig */ = {isa = PBXFileReference; includeInIndex = 1; lastKnownFileType = text.xcconfig; name = "Pods-Simple Calorie For iPad.debug.xcconfig"; path = "Pods/Target Support Files/Pods-Simple Calorie For iPad/Pods-Simple Calorie For iPad.debug.xcconfig"; sourceTree = "<group>"; };
/* End PBXFileReference section */

/* Begin PBXFrameworksBuildPhase section */
		903F7CAA1D8195FE005A077C /* Frameworks */ = {
			isa = PBXFrameworksBuildPhase;
			buildActionMask = 2147483647;
			files = (
				EBD9DEA4F5BA5FE78C3E1330 /* libPods-Simple Calorie For iPad.a in Frameworks */,
			);
			runOnlyForDeploymentPostprocessing = 0;
		};
/* End PBXFrameworksBuildPhase section */

/* Begin PBXGroup section */
		903F7CA41D8195FE005A077C = {
			isa = PBXGroup;
			children = (
				903F7CAF1D8195FE005A077C /* Simple Calorie For iPad */,
				903F7CAE1D8195FE005A077C /* Products */,
				99F551D7DFA88E23A3890823 /* Pods */,
				B4E9B903CFD4088ADF29554F /* Frameworks */,
			);
			sourceTree = "<group>";
		};
		903F7CAE1D8195FE005A077C /* Products */ = {
			isa = PBXGroup;
			children = (
				903F7CAD1D8195FE005A077C /* Simple Calorie For iPad.app */,
			);
			name = Products;
			sourceTree = "<group>";
		};
		903F7CAF1D8195FE005A077C /* Simple Calorie For iPad */ = {
			isa = PBXGroup;
			children = (
				903F7CCA1D85E294005A077C /* Network.h */,
				903F7CCB1D85E294005A077C /* Network.m */,
				903F7CB31D8195FE005A077C /* AppDelegate.h */,
				903F7CB41D8195FE005A077C /* AppDelegate.m */,
				903F7CB61D8195FE005A077C /* SearchResultViewController.h */,
				903F7CB71D8195FE005A077C /* SearchResultViewController.m */,
				90BC47351DA75F1E005C6365 /* FoodBox.xib */,
				900266641DAD6BBF009C32C9 /* NoResultBox.xib */,
				9027C3401DADF167001B8D57 /* InitialBox.xib */,
				9027C3421DADF19C001B8D57 /* FailBox.xib */,
				9027C33E1DADC40F001B8D57 /* LoadingBox.xib */,
				9004D4C11D8F2B5100B3BF25 /* Food.h */,
				9004D4C21D8F2B5100B3BF25 /* Food.m */,
				903F7CB91D8195FE005A077C /* Main.storyboard */,
				903F7CBC1D8195FE005A077C /* Assets.xcassets */,
				903F7CBE1D8195FE005A077C /* LaunchScreen.storyboard */,
				903F7CC11D8195FE005A077C /* Info.plist */,
				903F7CB01D8195FE005A077C /* Supporting Files */,
			);
			path = "Simple Calorie For iPad";
			sourceTree = "<group>";
		};
		903F7CB01D8195FE005A077C /* Supporting Files */ = {
			isa = PBXGroup;
			children = (
				903F7CB11D8195FE005A077C /* main.m */,
			);
			name = "Supporting Files";
			sourceTree = "<group>";
		};
		99F551D7DFA88E23A3890823 /* Pods */ = {
			isa = PBXGroup;
			children = (
				C1B6C24BBDECD0007CF2C35A /* Pods-Simple Calorie For iPad.debug.xcconfig */,
				6BB656D4019D5C91AA723F07 /* Pods-Simple Calorie For iPad.release.xcconfig */,
			);
			name = Pods;
			sourceTree = "<group>";
		};
		B4E9B903CFD4088ADF29554F /* Frameworks */ = {
			isa = PBXGroup;
			children = (
				8B33FF9E0F30D522D5C2731C /* libPods-Simple Calorie For iPad.a */,
			);
			name = Frameworks;
			sourceTree = "<group>";
		};
/* End PBXGroup section */

/* Begin PBXNativeTarget section */
		903F7CAC1D8195FE005A077C /* Simple Calorie For iPad */ = {
			isa = PBXNativeTarget;
			buildConfigurationList = 903F7CC41D8195FE005A077C /* Build configuration list for PBXNativeTarget "Simple Calorie For iPad" */;
			buildPhases = (
				665C84D8CF644214C7632C4A /* [CP] Check Pods Manifest.lock */,
				903F7CA91D8195FE005A077C /* Sources */,
				903F7CAA1D8195FE005A077C /* Frameworks */,
				903F7CAB1D8195FE005A077C /* Resources */,
				8EEAFDB020BC6F571002B134 /* [CP] Embed Pods Frameworks */,
				500E414BC4302F5001360285 /* [CP] Copy Pods Resources */,
			);
			buildRules = (
			);
			dependencies = (
			);
			name = "Simple Calorie For iPad";
			productName = "Simple Calorie For iPad";
			productReference = 903F7CAD1D8195FE005A077C /* Simple Calorie For iPad.app */;
			productType = "com.apple.product-type.application";
		};
/* End PBXNativeTarget section */

/* Begin PBXProject section */
		903F7CA51D8195FE005A077C /* Project object */ = {
			isa = PBXProject;
			attributes = {
				LastUpgradeCheck = 0800;
				ORGANIZATIONNAME = "Yaxin Yuan";
				TargetAttributes = {
					903F7CAC1D8195FE005A077C = {
						CreatedOnToolsVersion = 7.3.1;
						DevelopmentTeam = KG4ZLSV952;
					};
				};
			};
			buildConfigurationList = 903F7CA81D8195FE005A077C /* Build configuration list for PBXProject "Simple Calorie For iPad" */;
			compatibilityVersion = "Xcode 3.2";
			developmentRegion = English;
			hasScannedForEncodings = 0;
			knownRegions = (
				en,
				Base,
			);
			mainGroup = 903F7CA41D8195FE005A077C;
			productRefGroup = 903F7CAE1D8195FE005A077C /* Products */;
			projectDirPath = "";
			projectRoot = "";
			targets = (
				903F7CAC1D8195FE005A077C /* Simple Calorie For iPad */,
			);
		};
/* End PBXProject section */

/* Begin PBXResourcesBuildPhase section */
		903F7CAB1D8195FE005A077C /* Resources */ = {
			isa = PBXResourcesBuildPhase;
			buildActionMask = 2147483647;
			files = (
				9027C33F1DADC40F001B8D57 /* LoadingBox.xib in Resources */,
				9027C3431DADF19C001B8D57 /* FailBox.xib in Resources */,
				900266651DAD6BBF009C32C9 /* NoResultBox.xib in Resources */,
				903F7CC01D8195FE005A077C /* LaunchScreen.storyboard in Resources */,
				90BC47361DA75F1E005C6365 /* FoodBox.xib in Resources */,
				903F7CBD1D8195FE005A077C /* Assets.xcassets in Resources */,
				903F7CBB1D8195FE005A077C /* Main.storyboard in Resources */,
				9027C3411DADF167001B8D57 /* InitialBox.xib in Resources */,
			);
			runOnlyForDeploymentPostprocessing = 0;
		};
/* End PBXResourcesBuildPhase section */

/* Begin PBXShellScriptBuildPhase section */
		500E414BC4302F5001360285 /* [CP] Copy Pods Resources */ = {
			isa = PBXShellScriptBuildPhase;
			buildActionMask = 2147483647;
			files = (
			);
			inputPaths = (
			);
			name = "[CP] Copy Pods Resources";
			outputPaths = (
			);
			runOnlyForDeploymentPostprocessing = 0;
			shellPath = /bin/sh;
			shellScript = "\"${SRCROOT}/Pods/Target Support Files/Pods-Simple Calorie For iPad/Pods-Simple Calorie For iPad-resources.sh\"\n";
			showEnvVarsInLog = 0;
		};
		665C84D8CF644214C7632C4A /* [CP] Check Pods Manifest.lock */ = {
			isa = PBXShellScriptBuildPhase;
			buildActionMask = 2147483647;
			files = (
			);
			inputPaths = (
			);
			name = "[CP] Check Pods Manifest.lock";
			outputPaths = (
			);
			runOnlyForDeploymentPostprocessing = 0;
			shellPath = /bin/sh;
			shellScript = "diff \"${PODS_ROOT}/../Podfile.lock\" \"${PODS_ROOT}/Manifest.lock\" > /dev/null\nif [[ $? != 0 ]] ; then\n    cat << EOM\nerror: The sandbox is not in sync with the Podfile.lock. Run 'pod install' or update your CocoaPods installation.\nEOM\n    exit 1\nfi\n";
			showEnvVarsInLog = 0;
		};
		8EEAFDB020BC6F571002B134 /* [CP] Embed Pods Frameworks */ = {
			isa = PBXShellScriptBuildPhase;
			buildActionMask = 2147483647;
			files = (
			);
			inputPaths = (
			);
			name = "[CP] Embed Pods Frameworks";
			outputPaths = (
			);
			runOnlyForDeploymentPostprocessing = 0;
			shellPath = /bin/sh;
			shellScript = "\"${SRCROOT}/Pods/Target Support Files/Pods-Simple Calorie For iPad/Pods-Simple Calorie For iPad-frameworks.sh\"\n";
			showEnvVarsInLog = 0;
		};
/* End PBXShellScriptBuildPhase section */

/* Begin PBXSourcesBuildPhase section */
		903F7CA91D8195FE005A077C /* Sources */ = {
			isa = PBXSourcesBuildPhase;
			buildActionMask = 2147483647;
			files = (
				9004D4C31D8F2B5100B3BF25 /* Food.m in Sources */,
				903F7CB81D8195FE005A077C /* SearchResultViewController.m in Sources */,
				903F7CB51D8195FE005A077C /* AppDelegate.m in Sources */,
				903F7CCC1D85E294005A077C /* Network.m in Sources */,
				903F7CB21D8195FE005A077C /* main.m in Sources */,
			);
			runOnlyForDeploymentPostprocessing = 0;
		};
/* End PBXSourcesBuildPhase section */

/* Begin PBXVariantGroup section */
		903F7CB91D8195FE005A077C /* Main.storyboard */ = {
			isa = PBXVariantGroup;
			children = (
				903F7CBA1D8195FE005A077C /* Base */,
			);
			name = Main.storyboard;
			sourceTree = "<group>";
		};
		903F7CBE1D8195FE005A077C /* LaunchScreen.storyboard */ = {
			isa = PBXVariantGroup;
			children = (
				903F7CBF1D8195FE005A077C /* Base */,
			);
			name = LaunchScreen.storyboard;
			sourceTree = "<group>";
		};
/* End PBXVariantGroup section */

/* Begin XCBuildConfiguration section */
		903F7CC21D8195FE005A077C /* Debug */ = {
			isa = XCBuildConfiguration;
			buildSettings = {
				ALWAYS_SEARCH_USER_PATHS = NO;
				CLANG_ANALYZER_NONNULL = YES;
				CLANG_CXX_LANGUAGE_STANDARD = "gnu++0x";
				CLANG_CXX_LIBRARY = "libc++";
				CLANG_ENABLE_MODULES = YES;
				CLANG_ENABLE_OBJC_ARC = YES;
				CLANG_WARN_BOOL_CONVERSION = YES;
				CLANG_WARN_CONSTANT_CONVERSION = YES;
				CLANG_WARN_DIRECT_OBJC_ISA_USAGE = YES_ERROR;
				CLANG_WARN_EMPTY_BODY = YES;
				CLANG_WARN_ENUM_CONVERSION = YES;
				CLANG_WARN_INFINITE_RECURSION = YES;
				CLANG_WARN_INT_CONVERSION = YES;
				CLANG_WARN_OBJC_ROOT_CLASS = YES_ERROR;
				CLANG_WARN_SUSPICIOUS_MOVE = YES;
				CLANG_WARN_UNREACHABLE_CODE = YES;
				CLANG_WARN__DUPLICATE_METHOD_MATCH = YES;
				"CODE_SIGN_IDENTITY[sdk=iphoneos*]" = "iPhone Developer";
				COPY_PHASE_STRIP = NO;
				DEBUG_INFORMATION_FORMAT = dwarf;
				ENABLE_STRICT_OBJC_MSGSEND = YES;
				ENABLE_TESTABILITY = YES;
				GCC_C_LANGUAGE_STANDARD = gnu99;
				GCC_DYNAMIC_NO_PIC = NO;
				GCC_NO_COMMON_BLOCKS = YES;
				GCC_OPTIMIZATION_LEVEL = 0;
				GCC_PREPROCESSOR_DEFINITIONS = (
					"DEBUG=1",
					"$(inherited)",
				);
				GCC_WARN_64_TO_32_BIT_CONVERSION = YES;
				GCC_WARN_ABOUT_RETURN_TYPE = YES_ERROR;
				GCC_WARN_UNDECLARED_SELECTOR = YES;
				GCC_WARN_UNINITIALIZED_AUTOS = YES_AGGRESSIVE;
				GCC_WARN_UNUSED_FUNCTION = YES;
				GCC_WARN_UNUSED_VARIABLE = YES;
				IPHONEOS_DEPLOYMENT_TARGET = 10.0;
				MTL_ENABLE_DEBUG_INFO = YES;
				ONLY_ACTIVE_ARCH = YES;
				SDKROOT = iphoneos;
				TARGETED_DEVICE_FAMILY = 2;
			};
			name = Debug;
		};
		903F7CC31D8195FE005A077C /* Release */ = {
			isa = XCBuildConfiguration;
			buildSettings = {
				ALWAYS_SEARCH_USER_PATHS = NO;
				CLANG_ANALYZER_NONNULL = YES;
				CLANG_CXX_LANGUAGE_STANDARD = "gnu++0x";
				CLANG_CXX_LIBRARY = "libc++";
				CLANG_ENABLE_MODULES = YES;
				CLANG_ENABLE_OBJC_ARC = YES;
				CLANG_WARN_BOOL_CONVERSION = YES;
				CLANG_WARN_CONSTANT_CONVERSION = YES;
				CLANG_WARN_DIRECT_OBJC_ISA_USAGE = YES_ERROR;
				CLANG_WARN_EMPTY_BODY = YES;
				CLANG_WARN_ENUM_CONVERSION = YES;
				CLANG_WARN_INFINITE_RECURSION = YES;
				CLANG_WARN_INT_CONVERSION = YES;
				CLANG_WARN_OBJC_ROOT_CLASS = YES_ERROR;
				CLANG_WARN_SUSPICIOUS_MOVE = YES;
				CLANG_WARN_UNREACHABLE_CODE = YES;
				CLANG_WARN__DUPLICATE_METHOD_MATCH = YES;
				"CODE_SIGN_IDENTITY[sdk=iphoneos*]" = "iPhone Developer";
				COPY_PHASE_STRIP = NO;
				DEBUG_INFORMATION_FORMAT = "dwarf-with-dsym";
				ENABLE_NS_ASSERTIONS = NO;
				ENABLE_STRICT_OBJC_MSGSEND = YES;
				GCC_C_LANGUAGE_STANDARD = gnu99;
				GCC_NO_COMMON_BLOCKS = YES;
				GCC_WARN_64_TO_32_BIT_CONVERSION = YES;
				GCC_WARN_ABOUT_RETURN_TYPE = YES_ERROR;
				GCC_WARN_UNDECLARED_SELECTOR = YES;
				GCC_WARN_UNINITIALIZED_AUTOS = YES_AGGRESSIVE;
				GCC_WARN_UNUSED_FUNCTION = YES;
				GCC_WARN_UNUSED_VARIABLE = YES;
				IPHONEOS_DEPLOYMENT_TARGET = 10.0;
				MTL_ENABLE_DEBUG_INFO = NO;
				SDKROOT = iphoneos;
				TARGETED_DEVICE_FAMILY = 2;
				VALIDATE_PRODUCT = YES;
			};
			name = Release;
		};
		903F7CC51D8195FE005A077C /* Debug */ = {
			isa = XCBuildConfiguration;
			baseConfigurationReference = C1B6C24BBDECD0007CF2C35A /* Pods-Simple Calorie For iPad.debug.xcconfig */;
			buildSettings = {
				ASSETCATALOG_COMPILER_APPICON_NAME = AppIcon;
				CODE_SIGN_IDENTITY = "iPhone Developer";
				INFOPLIST_FILE = "Simple Calorie For iPad/Info.plist";
				IPHONEOS_DEPLOYMENT_TARGET = 9.0;
				LD_RUNPATH_SEARCH_PATHS = "$(inherited) @executable_path/Frameworks";
				PRODUCT_BUNDLE_IDENTIFIER = JYUAN.CalorieForiPad;
				PRODUCT_NAME = "$(TARGET_NAME)";
			};
			name = Debug;
		};
		903F7CC61D8195FE005A077C /* Release */ = {
			isa = XCBuildConfiguration;
			baseConfigurationReference = 6BB656D4019D5C91AA723F07 /* Pods-Simple Calorie For iPad.release.xcconfig */;
			buildSettings = {
				ASSETCATALOG_COMPILER_APPICON_NAME = AppIcon;
				CODE_SIGN_IDENTITY = "iPhone Developer";
				INFOPLIST_FILE = "Simple Calorie For iPad/Info.plist";
				IPHONEOS_DEPLOYMENT_TARGET = 9.0;
				LD_RUNPATH_SEARCH_PATHS = "$(inherited) @executable_path/Frameworks";
				PRODUCT_BUNDLE_IDENTIFIER = JYUAN.CalorieForiPad;
				PRODUCT_NAME = "$(TARGET_NAME)";
			};
			name = Release;
		};
/* End XCBuildConfiguration section */

/* Begin XCConfigurationList section */
		903F7CA81D8195FE005A077C /* Build configuration list for PBXProject "Simple Calorie For iPad" */ = {
			isa = XCConfigurationList;
			buildConfigurations = (
				903F7CC21D8195FE005A077C /* Debug */,
				903F7CC31D8195FE005A077C /* Release */,
			);
			defaultConfigurationIsVisible = 0;
			defaultConfigurationName = Release;
		};
		903F7CC41D8195FE005A077C /* Build configuration list for PBXNativeTarget "Simple Calorie For iPad" */ = {
			isa = XCConfigurationList;
			buildConfigurations = (
				903F7CC51D8195FE005A077C /* Debug */,
				903F7CC61D8195FE005A077C /* Release */,
			);
			defaultConfigurationIsVisible = 0;
			defaultConfigurationName = Release;
		};
/* End XCConfigurationList section */
	};
	rootObject = 903F7CA51D8195FE005A077C /* Project object */;
}
